
Microsoft Visual Studio Solution File, Format Version 12.00
# Visual Studio Version 17
VisualStudioVersion = 17.14.36121.58 d17.14
MinimumVisualStudioVersion = 10.0.40219.1
Project("{FAE04EC0-301F-11D3-BF4B-00C04F79EFBC}") = "Distributed.Caching", "Distributed.Caching\Distributed.Caching.csproj", "{39CDE347-56C0-4E63-AA9F-A56549EFF844}"
EndProject
Project("{FAE04EC0-301F-11D3-BF4B-00C04F79EFBC}") = "InMemory.Caching", "InMemory.Caching\InMemory.Caching.csproj", "{0582366E-D4FF-436C-9181-563A9868BCFD}"
EndProject
Project("{FAE04EC0-301F-11D3-BF4B-00C04F79EFBC}") = "Redis.Pub.Sub.PublisherExample", "Redis.Pub.Sub.Example\Redis.Pub.Sub.PublisherExample.csproj", "{58DB0CEF-9F59-49B5-A9D7-BC8F2A33EEB7}"
EndProject
Project("{FAE04EC0-301F-11D3-BF4B-00C04F79EFBC}") = "Redis.Pub.Sub.SubscriberExample", "Redis.Pub.Sub.SubscriberExample\Redis.Pub.Sub.SubscriberExample.csproj", "{B703136D-CE6A-499E-95F1-A3129834454D}"
EndProject
Global
	GlobalSection(SolutionConfigurationPlatforms) = preSolution
		Debug|Any CPU = Debug|Any CPU
		Release|Any CPU = Release|Any CPU
	EndGlobalSection
	GlobalSection(ProjectConfigurationPlatforms) = postSolution
		{39CDE347-56C0-4E63-AA9F-A56549EFF844}.Debug|Any CPU.ActiveCfg = Debug|Any CPU
		{39CDE347-56C0-4E63-AA9F-A56549EFF844}.Debug|Any CPU.Build.0 = Debug|Any CPU
		{39CDE347-56C0-4E63-AA9F-A56549EFF844}.Release|Any CPU.ActiveCfg = Release|Any CPU
		{39CDE347-56C0-4E63-AA9F-A56549EFF844}.Release|Any CPU.Build.0 = Release|Any CPU
		{0582366E-D4FF-436C-9181-563A9868BCFD}.Debug|Any CPU.ActiveCfg = Debug|Any CPU
		{0582366E-D4FF-436C-9181-563A9868BCFD}.Debug|Any CPU.Build.0 = Debug|Any CPU
		{0582366E-D4FF-436C-9181-563A9868BCFD}.Release|Any CPU.ActiveCfg = Release|Any CPU
		{0582366E-D4FF-436C-9181-563A9868BCFD}.Release|Any CPU.Build.0 = Release|Any CPU
		{58DB0CEF-9F59-49B5-A9D7-BC8F2A33EEB7}.Debug|Any CPU.ActiveCfg = Debug|Any CPU
		{58DB0CEF-9F59-49B5-A9D7-BC8F2A33EEB7}.Debug|Any CPU.Build.0 = Debug|Any CPU
		{58DB0CEF-9F59-49B5-A9D7-BC8F2A33EEB7}.Release|Any CPU.ActiveCfg = Release|Any CPU
		{58DB0CEF-9F59-49B5-A9D7-BC8F2A33EEB7}.Release|Any CPU.Build.0 = Release|Any CPU
		{B703136D-CE6A-499E-95F1-A3129834454D}.Debug|Any CPU.ActiveCfg = Debug|Any CPU
		{B703136D-CE6A-499E-95F1-A3129834454D}.Debug|Any CPU.Build.0 = Debug|Any CPU
		{B703136D-CE6A-499E-95F1-A3129834454D}.Release|Any CPU.ActiveCfg = Release|Any CPU
		{B703136D-CE6A-499E-95F1-A3129834454D}.Release|Any CPU.Build.0 = Release|Any CPU
	EndGlobalSection
	GlobalSection(SolutionProperties) = preSolution
		HideSolutionNode = FALSE
	EndGlobalSection
	GlobalSection(ExtensibilityGlobals) = postSolution
		SolutionGuid = {215D1B95-C336-404E-9B60-796F21B5E3A0}
	EndGlobalSection
EndGlobal
